
Microsoft Visual Studio Solution File, Format Version 12.00
# Visual Studio Version 17
VisualStudioVersion = 17.8.34330.188
MinimumVisualStudioVersion = 10.0.40219.1
Project("{2150E333-8FDC-42A3-9474-1A3956D46DE8}") = "Services", "Services", "{CA8000D9-7C10-426F-92E5-48933CCF0303}"
EndProject
Project("{2150E333-8FDC-42A3-9474-1A3956D46DE8}") = "Frontends", "Frontends", "{829F1ACD-5CEB-4098-954A-506322B98AA6}"
EndProject
Project("{2150E333-8FDC-42A3-9474-1A3956D46DE8}") = "Shared", "Shared", "{9CAFD0D1-0723-41EA-9DE4-ADB2B29CB2E0}"
EndProject
Project("{2150E333-8FDC-42A3-9474-1A3956D46DE8}") = "ToDoList", "ToDoList", "{914C0570-9584-4543-BF19-FB60EE65AFEE}"
EndProject
Project("{2150E333-8FDC-42A3-9474-1A3956D46DE8}") = "Gateways", "Gateways", "{A242F648-FAE3-4F4F-836F-245405701B49}"
EndProject
Project("{2150E333-8FDC-42A3-9474-1A3956D46DE8}") = "Basket", "Basket", "{0A3BC2FD-1860-42D9-8269-1F194A95931B}"
EndProject
Project("{2150E333-8FDC-42A3-9474-1A3956D46DE8}") = "Catalog", "Catalog", "{05B282D0-CC64-4F4A-8404-331653C00191}"
EndProject
Project("{2150E333-8FDC-42A3-9474-1A3956D46DE8}") = "Cargo", "Cargo", "{68DA645A-6AC9-4FC7-B9BA-393D43B2B189}"
EndProject
Project("{2150E333-8FDC-42A3-9474-1A3956D46DE8}") = "Order", "Order", "{3BCDEC20-83C6-485F-95A4-03A73F77CF81}"
EndProject
Project("{2150E333-8FDC-42A3-9474-1A3956D46DE8}") = "Photostock", "Photostock", "{DDBB56DB-2051-469A-96B8-F28198189156}"
EndProject
Project("{2150E333-8FDC-42A3-9474-1A3956D46DE8}") = "Discount", "Discount", "{181B5851-B550-4894-9783-A97A37AC1F2A}"
EndProject
Project("{2150E333-8FDC-42A3-9474-1A3956D46DE8}") = "Payment", "Payment", "{359A1584-8FE3-4E3C-ABF6-EDE3A24C60C0}"
EndProject
Project("{2150E333-8FDC-42A3-9474-1A3956D46DE8}") = "IdentityServer", "IdentityServer", "{7C8A3E6A-76CB-457F-B4C6-F3D927E8A831}"
EndProject
Project("{2150E333-8FDC-42A3-9474-1A3956D46DE8}") = "Comment", "Comment", "{F36C43A0-5677-4F08-8AFE-0D2EF87096B8}"
EndProject
Project("{9A19103F-16F7-4668-BE54-9A1E7A4F7556}") = "ECommerce.Services.Catalog", "Services\Catalog\ECommerce.Services.Catalog\ECommerce.Services.Catalog.csproj", "{946EE572-AB59-4C46-9BAF-541F63DDDF13}"
EndProject
Project("{9A19103F-16F7-4668-BE54-9A1E7A4F7556}") = "ECommerce.Shared", "Shared\ECommerce.Shared\ECommerce.Shared.csproj", "{517E23D0-D11E-46EF-B96E-8EC51CE0F328}"
EndProject
Project("{FAE04EC0-301F-11D3-BF4B-00C04F79EFBC}") = "ECommerce.Discount", "Services\Discount\ECommerce.Discount\ECommerce.Discount.csproj", "{071AF009-7DB7-4852-A3A0-A408347C0C4E}"
EndProject
Global
	GlobalSection(SolutionConfigurationPlatforms) = preSolution
		Debug|Any CPU = Debug|Any CPU
		Release|Any CPU = Release|Any CPU
	EndGlobalSection
	GlobalSection(ProjectConfigurationPlatforms) = postSolution
		{946EE572-AB59-4C46-9BAF-541F63DDDF13}.Debug|Any CPU.ActiveCfg = Debug|Any CPU
		{946EE572-AB59-4C46-9BAF-541F63DDDF13}.Debug|Any CPU.Build.0 = Debug|Any CPU
		{946EE572-AB59-4C46-9BAF-541F63DDDF13}.Release|Any CPU.ActiveCfg = Release|Any CPU
		{946EE572-AB59-4C46-9BAF-541F63DDDF13}.Release|Any CPU.Build.0 = Release|Any CPU
		{517E23D0-D11E-46EF-B96E-8EC51CE0F328}.Debug|Any CPU.ActiveCfg = Debug|Any CPU
		{517E23D0-D11E-46EF-B96E-8EC51CE0F328}.Debug|Any CPU.Build.0 = Debug|Any CPU
		{517E23D0-D11E-46EF-B96E-8EC51CE0F328}.Release|Any CPU.ActiveCfg = Release|Any CPU
		{517E23D0-D11E-46EF-B96E-8EC51CE0F328}.Release|Any CPU.Build.0 = Release|Any CPU
		{071AF009-7DB7-4852-A3A0-A408347C0C4E}.Debug|Any CPU.ActiveCfg = Debug|Any CPU
		{071AF009-7DB7-4852-A3A0-A408347C0C4E}.Debug|Any CPU.Build.0 = Debug|Any CPU
		{071AF009-7DB7-4852-A3A0-A408347C0C4E}.Release|Any CPU.ActiveCfg = Release|Any CPU
		{071AF009-7DB7-4852-A3A0-A408347C0C4E}.Release|Any CPU.Build.0 = Release|Any CPU
	EndGlobalSection
	GlobalSection(SolutionProperties) = preSolution
		HideSolutionNode = FALSE
	EndGlobalSection
	GlobalSection(NestedProjects) = preSolution
		{0A3BC2FD-1860-42D9-8269-1F194A95931B} = {CA8000D9-7C10-426F-92E5-48933CCF0303}
		{05B282D0-CC64-4F4A-8404-331653C00191} = {CA8000D9-7C10-426F-92E5-48933CCF0303}
		{68DA645A-6AC9-4FC7-B9BA-393D43B2B189} = {CA8000D9-7C10-426F-92E5-48933CCF0303}
		{3BCDEC20-83C6-485F-95A4-03A73F77CF81} = {CA8000D9-7C10-426F-92E5-48933CCF0303}
		{DDBB56DB-2051-469A-96B8-F28198189156} = {CA8000D9-7C10-426F-92E5-48933CCF0303}
		{181B5851-B550-4894-9783-A97A37AC1F2A} = {CA8000D9-7C10-426F-92E5-48933CCF0303}
		{359A1584-8FE3-4E3C-ABF6-EDE3A24C60C0} = {CA8000D9-7C10-426F-92E5-48933CCF0303}
		{F36C43A0-5677-4F08-8AFE-0D2EF87096B8} = {CA8000D9-7C10-426F-92E5-48933CCF0303}
		{946EE572-AB59-4C46-9BAF-541F63DDDF13} = {05B282D0-CC64-4F4A-8404-331653C00191}
		{517E23D0-D11E-46EF-B96E-8EC51CE0F328} = {9CAFD0D1-0723-41EA-9DE4-ADB2B29CB2E0}
		{071AF009-7DB7-4852-A3A0-A408347C0C4E} = {181B5851-B550-4894-9783-A97A37AC1F2A}
	EndGlobalSection
	GlobalSection(ExtensibilityGlobals) = postSolution
		SolutionGuid = {0879E569-3673-4F95-AE58-7F15AF1C0B7A}
	EndGlobalSection
EndGlobal
